{
  "name": "video-game",
  "version": "1.0.0",
  "lockfileVersion": 3,
  "requires": true,
  "packages": {
    "": {
      "name": "video-game",
      "version": "1.0.0",
      "license": "ISC",
      "dependencies": {
        "postprocessing": "^6.39.2",
        "three": "^0.185.1"
      }
    },
    "node_modules/postprocessing": {
      "version": "6.39.2",
      "resolved": "https://registry.npmjs.org/postprocessing/-/postprocessing-6.39.2.tgz",
      "integrity": "sha512-AxPY+xFyVOsz+8bbHSyQBoOK4AUqSQspTXXIsNcKhmGJRm/afHRAwZ8bKC02AeSPII0PW6lbCN84SgAoWFsKKA==",
      "license": "Zlib",
      "peerDependencies": {
        "three": ">= 0.168.0 < 0.186.0"
      }
    },
    "node_modules/three": {
      "version": "0.185.1",
      "resolved": "https://registry.npmjs.org/three/-/three-0.185.1.tgz",
      "integrity": "sha512-5aojFCXKwnjBRZvUnt3WFfEcvUJgkN5LlijRFN95hMy8WVkG4I0QNcJE+OuWvuJ0bOdStrbfXn0pkd6/QyiAlg==",
      "license": "MIT"
    }
  }
}
